
Microsoft Visual Studio Solution File, Format Version 12.00
# Visual Studio Version 16
VisualStudioVersion = 16.0.30717.126
MinimumVisualStudioVersion = 10.0.40219.1
Project("{FAE04EC0-301F-11D3-BF4B-00C04F79EFBC}") = "Sol_Demo.Android", "Sol_Demo\Sol_Demo.Android\Sol_Demo.Android.csproj", "{2C38AEAD-A5EA-4B5C-A7B4-C3D3DC1042A6}"
EndProject
Project("{FAE04EC0-301F-11D3-BF4B-00C04F79EFBC}") = "Sol_Demo", "Sol_Demo\Sol_Demo\Sol_Demo.csproj", "{DF0611F4-2659-49A8-BEF5-5E18671424C1}"
EndProject
Global
	GlobalSection(SolutionConfigurationPlatforms) = preSolution
		Debug|Any CPU = Debug|Any CPU
		Release|Any CPU = Release|Any CPU
	EndGlobalSection
	GlobalSection(ProjectConfigurationPlatforms) = postSolution
		{2C38AEAD-A5EA-4B5C-A7B4-C3D3DC1042A6}.Debug|Any CPU.ActiveCfg = Debug|Any CPU
		{2C38AEAD-A5EA-4B5C-A7B4-C3D3DC1042A6}.Debug|Any CPU.Build.0 = Debug|Any CPU
		{2C38AEAD-A5EA-4B5C-A7B4-C3D3DC1042A6}.Debug|Any CPU.Deploy.0 = Debug|Any CPU
		{2C38AEAD-A5EA-4B5C-A7B4-C3D3DC1042A6}.Release|Any CPU.ActiveCfg = Release|Any CPU
		{2C38AEAD-A5EA-4B5C-A7B4-C3D3DC1042A6}.Release|Any CPU.Build.0 = Release|Any CPU
		{2C38AEAD-A5EA-4B5C-A7B4-C3D3DC1042A6}.Release|Any CPU.Deploy.0 = Release|Any CPU
		{DF0611F4-2659-49A8-BEF5-5E18671424C1}.Debug|Any CPU.ActiveCfg = Debug|Any CPU
		{DF0611F4-2659-49A8-BEF5-5E18671424C1}.Debug|Any CPU.Build.0 = Debug|Any CPU
		{DF0611F4-2659-49A8-BEF5-5E18671424C1}.Debug|Any CPU.Deploy.0 = Debug|Any CPU
		{DF0611F4-2659-49A8-BEF5-5E18671424C1}.Release|Any CPU.ActiveCfg = Release|Any CPU
		{DF0611F4-2659-49A8-BEF5-5E18671424C1}.Release|Any CPU.Build.0 = Release|Any CPU
		{DF0611F4-2659-49A8-BEF5-5E18671424C1}.Release|Any CPU.Deploy.0 = Release|Any CPU
	EndGlobalSection
	GlobalSection(SolutionProperties) = preSolution
		HideSolutionNode = FALSE
	EndGlobalSection
	GlobalSection(ExtensibilityGlobals) = postSolution
		SolutionGuid = {6EB56AF5-AC75-4A36-8218-AF035AA05B2E}
	EndGlobalSection
EndGlobal
